
Microsoft Visual Studio Solution File, Format Version 12.00
# Visual Studio Version 17
VisualStudioVersion = 17.8.34322.80
MinimumVisualStudioVersion = 10.0.40219.1
Project("{9A19103F-16F7-4668-BE54-9A1E7A4F7556}") = "MiniStore", "MiniStore\MiniStore.csproj", "{6BB9F11C-B75D-41A7-ADDF-60D1A19E5702}"
EndProject
Project("{9A19103F-16F7-4668-BE54-9A1E7A4F7556}") = "MiniStoreRazor_Temp", "MiniStoreRazor_Temp\MiniStoreRazor_Temp.csproj", "{81972EFE-9702-4FF2-8AAD-8AAD19DD2A97}"
EndProject
Project("{9A19103F-16F7-4668-BE54-9A1E7A4F7556}") = "MiniStore.DataAccess", "MiniStore.DataAccess\MiniStore.DataAccess.csproj", "{8C1263BF-0ECB-4557-8077-2BDCF841391F}"
EndProject
Project("{9A19103F-16F7-4668-BE54-9A1E7A4F7556}") = "MiniStore.Models", "MiniStore.Models\MiniStore.Models.csproj", "{1A6D5DDC-D854-4682-96F6-E7D976800517}"
EndProject
Project("{9A19103F-16F7-4668-BE54-9A1E7A4F7556}") = "MiniStore.Utility", "MiniStore.Utility\MiniStore.Utility.csproj", "{6A1F1E14-BA50-4588-93E9-CA4B1A3BDD54}"
EndProject
Global
	GlobalSection(SolutionConfigurationPlatforms) = preSolution
		Debug|Any CPU = Debug|Any CPU
		Release|Any CPU = Release|Any CPU
	EndGlobalSection
	GlobalSection(ProjectConfigurationPlatforms) = postSolution
		{6BB9F11C-B75D-41A7-ADDF-60D1A19E5702}.Debug|Any CPU.ActiveCfg = Debug|Any CPU
		{6BB9F11C-B75D-41A7-ADDF-60D1A19E5702}.Debug|Any CPU.Build.0 = Debug|Any CPU
		{6BB9F11C-B75D-41A7-ADDF-60D1A19E5702}.Release|Any CPU.ActiveCfg = Release|Any CPU
		{6BB9F11C-B75D-41A7-ADDF-60D1A19E5702}.Release|Any CPU.Build.0 = Release|Any CPU
		{81972EFE-9702-4FF2-8AAD-8AAD19DD2A97}.Debug|Any CPU.ActiveCfg = Debug|Any CPU
		{81972EFE-9702-4FF2-8AAD-8AAD19DD2A97}.Debug|Any CPU.Build.0 = Debug|Any CPU
		{81972EFE-9702-4FF2-8AAD-8AAD19DD2A97}.Release|Any CPU.ActiveCfg = Release|Any CPU
		{81972EFE-9702-4FF2-8AAD-8AAD19DD2A97}.Release|Any CPU.Build.0 = Release|Any CPU
		{8C1263BF-0ECB-4557-8077-2BDCF841391F}.Debug|Any CPU.ActiveCfg = Debug|Any CPU
		{8C1263BF-0ECB-4557-8077-2BDCF841391F}.Debug|Any CPU.Build.0 = Debug|Any CPU
		{8C1263BF-0ECB-4557-8077-2BDCF841391F}.Release|Any CPU.ActiveCfg = Release|Any CPU
		{8C1263BF-0ECB-4557-8077-2BDCF841391F}.Release|Any CPU.Build.0 = Release|Any CPU
		{1A6D5DDC-D854-4682-96F6-E7D976800517}.Debug|Any CPU.ActiveCfg = Debug|Any CPU
		{1A6D5DDC-D854-4682-96F6-E7D976800517}.Debug|Any CPU.Build.0 = Debug|Any CPU
		{1A6D5DDC-D854-4682-96F6-E7D976800517}.Release|Any CPU.ActiveCfg = Release|Any CPU
		{1A6D5DDC-D854-4682-96F6-E7D976800517}.Release|Any CPU.Build.0 = Release|Any CPU
		{6A1F1E14-BA50-4588-93E9-CA4B1A3BDD54}.Debug|Any CPU.ActiveCfg = Debug|Any CPU
		{6A1F1E14-BA50-4588-93E9-CA4B1A3BDD54}.Debug|Any CPU.Build.0 = Debug|Any CPU
		{6A1F1E14-BA50-4588-93E9-CA4B1A3BDD54}.Release|Any CPU.ActiveCfg = Release|Any CPU
		{6A1F1E14-BA50-4588-93E9-CA4B1A3BDD54}.Release|Any CPU.Build.0 = Release|Any CPU
	EndGlobalSection
	GlobalSection(SolutionProperties) = preSolution
		HideSolutionNode = FALSE
	EndGlobalSection
	GlobalSection(ExtensibilityGlobals) = postSolution
		SolutionGuid = {ADB679EA-FD54-483A-BFFD-68F877DD037D}
	EndGlobalSection
EndGlobal
